
Microsoft Visual Studio Solution File, Format Version 12.00
# Visual Studio 15
VisualStudioVersion = 15.0.27703.2000
MinimumVisualStudioVersion = 10.0.40219.1
Project("{FAE04EC0-301F-11D3-BF4B-00C04F79EFBC}") = "GeometricDrawerWithFunctions", "GeometricDrawerWithFunctions\GeometricDrawerWithFunctions.csproj", "{2236292D-5672-4037-BC7E-7E2E33EE44BC}"
EndProject
Global
	GlobalSection(SolutionConfigurationPlatforms) = preSolution
		Debug|Any CPU = Debug|Any CPU
		Release|Any CPU = Release|Any CPU
	EndGlobalSection
	GlobalSection(ProjectConfigurationPlatforms) = postSolution
		{2236292D-5672-4037-BC7E-7E2E33EE44BC}.Debug|Any CPU.ActiveCfg = Debug|Any CPU
		{2236292D-5672-4037-BC7E-7E2E33EE44BC}.Debug|Any CPU.Build.0 = Debug|Any CPU
		{2236292D-5672-4037-BC7E-7E2E33EE44BC}.Release|Any CPU.ActiveCfg = Release|Any CPU
		{2236292D-5672-4037-BC7E-7E2E33EE44BC}.Release|Any CPU.Build.0 = Release|Any CPU
	EndGlobalSection
	GlobalSection(SolutionProperties) = preSolution
		HideSolutionNode = FALSE
	EndGlobalSection
	GlobalSection(ExtensibilityGlobals) = postSolution
		SolutionGuid = {03453D9C-5349-4D46-9562-6E4A56B6FB2F}
	EndGlobalSection
EndGlobal
